
Microsoft Visual Studio Solution File, Format Version 12.00
# Visual Studio Version 16
VisualStudioVersion = 16.0.31729.503
MinimumVisualStudioVersion = 10.0.40219.1
Project("{FAE04EC0-301F-11D3-BF4B-00C04F79EFBC}") = "Main Method", "Main Method\Main Method.csproj", "{95ADE939-E201-4D32-BCF7-64331B3EA462}"
EndProject
Global
	GlobalSection(SolutionConfigurationPlatforms) = preSolution
		Debug|Any CPU = Debug|Any CPU
		Release|Any CPU = Release|Any CPU
	EndGlobalSection
	GlobalSection(ProjectConfigurationPlatforms) = postSolution
		{95ADE939-E201-4D32-BCF7-64331B3EA462}.Debug|Any CPU.ActiveCfg = Debug|Any CPU
		{95ADE939-E201-4D32-BCF7-64331B3EA462}.Debug|Any CPU.Build.0 = Debug|Any CPU
		{95ADE939-E201-4D32-BCF7-64331B3EA462}.Release|Any CPU.ActiveCfg = Release|Any CPU
		{95ADE939-E201-4D32-BCF7-64331B3EA462}.Release|Any CPU.Build.0 = Release|Any CPU
	EndGlobalSection
	GlobalSection(SolutionProperties) = preSolution
		HideSolutionNode = FALSE
	EndGlobalSection
	GlobalSection(ExtensibilityGlobals) = postSolution
		SolutionGuid = {1A71F5FA-D523-4ACD-99B7-0022A287EC78}
	EndGlobalSection
EndGlobal
