
Microsoft Visual Studio Solution File, Format Version 12.00
# Visual Studio Version 16
VisualStudioVersion = 16.0.31729.503
MinimumVisualStudioVersion = 10.0.40219.1
Project("{FAE04EC0-301F-11D3-BF4B-00C04F79EFBC}") = "Arrays and Lists", "Arrays and Lists\Arrays and Lists.csproj", "{139F3673-106D-4C85-8E5C-7D9C0CB106B5}"
EndProject
Global
	GlobalSection(SolutionConfigurationPlatforms) = preSolution
		Debug|Any CPU = Debug|Any CPU
		Release|Any CPU = Release|Any CPU
	EndGlobalSection
	GlobalSection(ProjectConfigurationPlatforms) = postSolution
		{139F3673-106D-4C85-8E5C-7D9C0CB106B5}.Debug|Any CPU.ActiveCfg = Debug|Any CPU
		{139F3673-106D-4C85-8E5C-7D9C0CB106B5}.Debug|Any CPU.Build.0 = Debug|Any CPU
		{139F3673-106D-4C85-8E5C-7D9C0CB106B5}.Release|Any CPU.ActiveCfg = Release|Any CPU
		{139F3673-106D-4C85-8E5C-7D9C0CB106B5}.Release|Any CPU.Build.0 = Release|Any CPU
	EndGlobalSection
	GlobalSection(SolutionProperties) = preSolution
		HideSolutionNode = FALSE
	EndGlobalSection
	GlobalSection(ExtensibilityGlobals) = postSolution
		SolutionGuid = {CEF21CEB-480A-4CEC-BC65-A1BC4316AF3D}
	EndGlobalSection
EndGlobal
